// !$*UTF8*$!
{
	archiveVersion = 1;
	classes = {
	};
	objectVersion = 46;
	objects = {

/* Begin PBXAggregateTarget section */
		"Genetics::GeneticsPackageTests::ProductTarget" /* GeneticsPackageTests */ = {
			isa = PBXAggregateTarget;
			buildConfigurationList = OBJ_59 /* Build configuration list for PBXAggregateTarget "GeneticsPackageTests" */;
			buildPhases = (
			);
			dependencies = (
				OBJ_62 /* PBXTargetDependency */,
			);
			name = GeneticsPackageTests;
			productName = GeneticsPackageTests;
		};
/* End PBXAggregateTarget section */

/* Begin PBXBuildFile section */
		OBJ_28 /* Package.swift in Sources */ = {isa = PBXBuildFile; fileRef = OBJ_6 /* Package.swift */; };
		OBJ_34 /* EvolverTests.swift in Sources */ = {isa = PBXBuildFile; fileRef = OBJ_17 /* EvolverTests.swift */; };
		OBJ_35 /* PopulationTests.swift in Sources */ = {isa = PBXBuildFile; fileRef = OBJ_18 /* PopulationTests.swift */; };
		OBJ_37 /* Genetics.framework in Frameworks */ = {isa = PBXBuildFile; fileRef = "Genetics::Genetics::Product" /* Genetics.framework */; };
		OBJ_45 /* main.swift in Sources */ = {isa = PBXBuildFile; fileRef = OBJ_14 /* main.swift */; };
		OBJ_47 /* Genetics.framework in Frameworks */ = {isa = PBXBuildFile; fileRef = "Genetics::Genetics::Product" /* Genetics.framework */; };
		OBJ_53 /* Chromosome.swift in Sources */ = {isa = PBXBuildFile; fileRef = OBJ_9 /* Chromosome.swift */; };
		OBJ_54 /* Evolver.swift in Sources */ = {isa = PBXBuildFile; fileRef = OBJ_10 /* Evolver.swift */; };
		OBJ_55 /* EvolverConfiguration.swift in Sources */ = {isa = PBXBuildFile; fileRef = OBJ_11 /* EvolverConfiguration.swift */; };
		OBJ_56 /* Population.swift in Sources */ = {isa = PBXBuildFile; fileRef = OBJ_12 /* Population.swift */; };
/* End PBXBuildFile section */

/* Begin PBXContainerItemProxy section */
		554B46FE202EF1500064FA77 /* PBXContainerItemProxy */ = {
			isa = PBXContainerItemProxy;
			containerPortal = OBJ_1 /* Project object */;
			proxyType = 1;
			remoteGlobalIDString = "Genetics::Genetics";
			remoteInfo = Genetics;
		};
		554B46FF202EF1510064FA77 /* PBXContainerItemProxy */ = {
			isa = PBXContainerItemProxy;
			containerPortal = OBJ_1 /* Project object */;
			proxyType = 1;
			remoteGlobalIDString = "Genetics::Genetics";
			remoteInfo = Genetics;
		};
		554B4700202EF1510064FA77 /* PBXContainerItemProxy */ = {
			isa = PBXContainerItemProxy;
			containerPortal = OBJ_1 /* Project object */;
			proxyType = 1;
			remoteGlobalIDString = "Genetics::GeneticsTests";
			remoteInfo = GeneticsTests;
		};
/* End PBXContainerItemProxy section */

/* Begin PBXFileReference section */
		"Genetics::Genetics::Product" /* Genetics.framework */ = {isa = PBXFileReference; explicitFileType = wrapper.framework; path = Genetics.framework; sourceTree = BUILT_PRODUCTS_DIR; };
		"Genetics::GeneticsExample::Product" /* GeneticsExample */ = {isa = PBXFileReference; lastKnownFileType = text; path = GeneticsExample; sourceTree = BUILT_PRODUCTS_DIR; };
		"Genetics::GeneticsTests::Product" /* GeneticsTests.xctest */ = {isa = PBXFileReference; lastKnownFileType = file; path = GeneticsTests.xctest; sourceTree = BUILT_PRODUCTS_DIR; };
		OBJ_10 /* Evolver.swift */ = {isa = PBXFileReference; lastKnownFileType = sourcecode.swift; path = Evolver.swift; sourceTree = "<group>"; };
		OBJ_11 /* EvolverConfiguration.swift */ = {isa = PBXFileReference; lastKnownFileType = sourcecode.swift; path = EvolverConfiguration.swift; sourceTree = "<group>"; };
		OBJ_12 /* Population.swift */ = {isa = PBXFileReference; lastKnownFileType = sourcecode.swift; path = Population.swift; sourceTree = "<group>"; };
		OBJ_14 /* main.swift */ = {isa = PBXFileReference; lastKnownFileType = sourcecode.swift; path = main.swift; sourceTree = "<group>"; };
		OBJ_17 /* EvolverTests.swift */ = {isa = PBXFileReference; lastKnownFileType = sourcecode.swift; path = EvolverTests.swift; sourceTree = "<group>"; };
		OBJ_18 /* PopulationTests.swift */ = {isa = PBXFileReference; lastKnownFileType = sourcecode.swift; path = PopulationTests.swift; sourceTree = "<group>"; };
		OBJ_6 /* Package.swift */ = {isa = PBXFileReference; explicitFileType = sourcecode.swift; path = Package.swift; sourceTree = "<group>"; };
		OBJ_9 /* Chromosome.swift */ = {isa = PBXFileReference; lastKnownFileType = sourcecode.swift; path = Chromosome.swift; sourceTree = "<group>"; };
/* End PBXFileReference section */

/* Begin PBXFrameworksBuildPhase section */
		OBJ_36 /* Frameworks */ = {
			isa = PBXFrameworksBuildPhase;
			buildActionMask = 0;
			files = (
				OBJ_37 /* Genetics.framework in Frameworks */,
			);
			runOnlyForDeploymentPostprocessing = 0;
		};
		OBJ_46 /* Frameworks */ = {
			isa = PBXFrameworksBuildPhase;
			buildActionMask = 0;
			files = (
				OBJ_47 /* Genetics.framework in Frameworks */,
			);
			runOnlyForDeploymentPostprocessing = 0;
		};
		OBJ_57 /* Frameworks */ = {
			isa = PBXFrameworksBuildPhase;
			buildActionMask = 0;
			files = (
			);
			runOnlyForDeploymentPostprocessing = 0;
		};
/* End PBXFrameworksBuildPhase section */

/* Begin PBXGroup section */
		OBJ_13 /* GeneticsExample */ = {
			isa = PBXGroup;
			children = (
				OBJ_14 /* main.swift */,
			);
			name = GeneticsExample;
			path = Sources/GeneticsExample;
			sourceTree = SOURCE_ROOT;
		};
		OBJ_15 /* Tests */ = {
			isa = PBXGroup;
			children = (
				OBJ_16 /* GeneticsTests */,
			);
			name = Tests;
			sourceTree = SOURCE_ROOT;
		};
		OBJ_16 /* GeneticsTests */ = {
			isa = PBXGroup;
			children = (
				OBJ_17 /* EvolverTests.swift */,
				OBJ_18 /* PopulationTests.swift */,
			);
			name = GeneticsTests;
			path = Tests/GeneticsTests;
			sourceTree = SOURCE_ROOT;
		};
		OBJ_19 /* Products */ = {
			isa = PBXGroup;
			children = (
				"Genetics::GeneticsTests::Product" /* GeneticsTests.xctest */,
				"Genetics::GeneticsExample::Product" /* GeneticsExample */,
				"Genetics::Genetics::Product" /* Genetics.framework */,
			);
			name = Products;
			sourceTree = BUILT_PRODUCTS_DIR;
		};
		OBJ_5 /*  */ = {
			isa = PBXGroup;
			children = (
				OBJ_6 /* Package.swift */,
				OBJ_7 /* Sources */,
				OBJ_15 /* Tests */,
				OBJ_19 /* Products */,
			);
			name = "";
			sourceTree = "<group>";
		};
		OBJ_7 /* Sources */ = {
			isa = PBXGroup;
			children = (
				OBJ_8 /* Genetics */,
				OBJ_13 /* GeneticsExample */,
			);
			name = Sources;
			sourceTree = SOURCE_ROOT;
		};
		OBJ_8 /* Genetics */ = {
			isa = PBXGroup;
			children = (
				OBJ_9 /* Chromosome.swift */,
				OBJ_10 /* Evolver.swift */,
				OBJ_11 /* EvolverConfiguration.swift */,
				OBJ_12 /* Population.swift */,
			);
			name = Genetics;
			path = Sources/Genetics;
			sourceTree = SOURCE_ROOT;
		};
/* End PBXGroup section */

/* Begin PBXNativeTarget section */
		"Genetics::Genetics" /* Genetics */ = {
			isa = PBXNativeTarget;
			buildConfigurationList = OBJ_49 /* Build configuration list for PBXNativeTarget "Genetics" */;
			buildPhases = (
				OBJ_52 /* Sources */,
				OBJ_57 /* Frameworks */,
			);
			buildRules = (
			);
			dependencies = (
			);
			name = Genetics;
			productName = Genetics;
			productReference = "Genetics::Genetics::Product" /* Genetics.framework */;
			productType = "com.apple.product-type.framework";
		};
		"Genetics::GeneticsExample" /* GeneticsExample */ = {
			isa = PBXNativeTarget;
			buildConfigurationList = OBJ_41 /* Build configuration list for PBXNativeTarget "GeneticsExample" */;
			buildPhases = (
				OBJ_44 /* Sources */,
				OBJ_46 /* Frameworks */,
			);
			buildRules = (
			);
			dependencies = (
				OBJ_48 /* PBXTargetDependency */,
			);
			name = GeneticsExample;
			productName = GeneticsExample;
			productReference = "Genetics::GeneticsExample::Product" /* GeneticsExample */;
			productType = "com.apple.product-type.tool";
		};
		"Genetics::GeneticsTests" /* GeneticsTests */ = {
			isa = PBXNativeTarget;
			buildConfigurationList = OBJ_30 /* Build configuration list for PBXNativeTarget "GeneticsTests" */;
			buildPhases = (
				OBJ_33 /* Sources */,
				OBJ_36 /* Frameworks */,
			);
			buildRules = (
			);
			dependencies = (
				OBJ_38 /* PBXTargetDependency */,
			);
			name = GeneticsTests;
			productName = GeneticsTests;
			productReference = "Genetics::GeneticsTests::Product" /* GeneticsTests.xctest */;
			productType = "com.apple.product-type.bundle.unit-test";
		};
		"Genetics::SwiftPMPackageDescription" /* GeneticsPackageDescription */ = {
			isa = PBXNativeTarget;
			buildConfigurationList = OBJ_24 /* Build configuration list for PBXNativeTarget "GeneticsPackageDescription" */;
			buildPhases = (
				OBJ_27 /* Sources */,
			);
			buildRules = (
			);
			dependencies = (
			);
			name = GeneticsPackageDescription;
			productName = GeneticsPackageDescription;
			productType = "com.apple.product-type.framework";
		};
/* End PBXNativeTarget section */

/* Begin PBXProject section */
		OBJ_1 /* Project object */ = {
			isa = PBXProject;
			attributes = {
				LastUpgradeCheck = 9999;
			};
			buildConfigurationList = OBJ_2 /* Build configuration list for PBXProject "Genetics" */;
			compatibilityVersion = "Xcode 3.2";
			developmentRegion = English;
			hasScannedForEncodings = 0;
			knownRegions = (
				en,
			);
			mainGroup = OBJ_5 /*  */;
			productRefGroup = OBJ_19 /* Products */;
			projectDirPath = "";
			projectRoot = "";
			targets = (
				"Genetics::SwiftPMPackageDescription" /* GeneticsPackageDescription */,
				"Genetics::GeneticsTests" /* GeneticsTests */,
				"Genetics::GeneticsExample" /* GeneticsExample */,
				"Genetics::Genetics" /* Genetics */,
				"Genetics::GeneticsPackageTests::ProductTarget" /* GeneticsPackageTests */,
			);
		};
/* End PBXProject section */

/* Begin PBXSourcesBuildPhase section */
		OBJ_27 /* Sources */ = {
			isa = PBXSourcesBuildPhase;
			buildActionMask = 0;
			files = (
				OBJ_28 /* Package.swift in Sources */,
			);
			runOnlyForDeploymentPostprocessing = 0;
		};
		OBJ_33 /* Sources */ = {
			isa = PBXSourcesBuildPhase;
			buildActionMask = 0;
			files = (
				OBJ_34 /* EvolverTests.swift in Sources */,
				OBJ_35 /* PopulationTests.swift in Sources */,
			);
			runOnlyForDeploymentPostprocessing = 0;
		};
		OBJ_44 /* Sources */ = {
			isa = PBXSourcesBuildPhase;
			buildActionMask = 0;
			files = (
				OBJ_45 /* main.swift in Sources */,
			);
			runOnlyForDeploymentPostprocessing = 0;
		};
		OBJ_52 /* Sources */ = {
			isa = PBXSourcesBuildPhase;
			buildActionMask = 0;
			files = (
				OBJ_53 /* Chromosome.swift in Sources */,
				OBJ_54 /* Evolver.swift in Sources */,
				OBJ_55 /* EvolverConfiguration.swift in Sources */,
				OBJ_56 /* Population.swift in Sources */,
			);
			runOnlyForDeploymentPostprocessing = 0;
		};
/* End PBXSourcesBuildPhase section */

/* Begin PBXTargetDependency section */
		OBJ_38 /* PBXTargetDependency */ = {
			isa = PBXTargetDependency;
			target = "Genetics::Genetics" /* Genetics */;
			targetProxy = 554B46FE202EF1500064FA77 /* PBXContainerItemProxy */;
		};
		OBJ_48 /* PBXTargetDependency */ = {
			isa = PBXTargetDependency;
			target = "Genetics::Genetics" /* Genetics */;
			targetProxy = 554B46FF202EF1510064FA77 /* PBXContainerItemProxy */;
		};
		OBJ_62 /* PBXTargetDependency */ = {
			isa = PBXTargetDependency;
			target = "Genetics::GeneticsTests" /* GeneticsTests */;
			targetProxy = 554B4700202EF1510064FA77 /* PBXContainerItemProxy */;
		};
/* End PBXTargetDependency section */

/* Begin XCBuildConfiguration section */
		OBJ_25 /* Debug */ = {
			isa = XCBuildConfiguration;
			buildSettings = {
				LD = /usr/bin/true;
				OTHER_SWIFT_FLAGS = "-swift-version 4 -I /Applications/Xcode.app/Contents/Developer/Toolchains/XcodeDefault.xctoolchain/usr/lib/swift/pm/4 -target x86_64-apple-macosx10.10 -sdk /Applications/Xcode.app/Contents/Developer/Platforms/MacOSX.platform/Developer/SDKs/MacOSX10.13.sdk";
				SWIFT_VERSION = 4.0;
			};
			name = Debug;
		};
		OBJ_26 /* Release */ = {
			isa = XCBuildConfiguration;
			buildSettings = {
				LD = /usr/bin/true;
				OTHER_SWIFT_FLAGS = "-swift-version 4 -I /Applications/Xcode.app/Contents/Developer/Toolchains/XcodeDefault.xctoolchain/usr/lib/swift/pm/4 -target x86_64-apple-macosx10.10 -sdk /Applications/Xcode.app/Contents/Developer/Platforms/MacOSX.platform/Developer/SDKs/MacOSX10.13.sdk";
				SWIFT_VERSION = 4.0;
			};
			name = Release;
		};
		OBJ_3 /* Debug */ = {
			isa = XCBuildConfiguration;
			buildSettings = {
				CLANG_ENABLE_OBJC_ARC = YES;
				COMBINE_HIDPI_IMAGES = YES;
				COPY_PHASE_STRIP = NO;
				DEBUG_INFORMATION_FORMAT = dwarf;
				DYLIB_INSTALL_NAME_BASE = "@rpath";
				ENABLE_NS_ASSERTIONS = YES;
				GCC_OPTIMIZATION_LEVEL = 0;
				MACOSX_DEPLOYMENT_TARGET = 10.10;
				ONLY_ACTIVE_ARCH = YES;
				OTHER_SWIFT_FLAGS = "-DXcode";
				PRODUCT_NAME = "$(TARGET_NAME)";
				SDKROOT = macosx;
				SUPPORTED_PLATFORMS = "macosx iphoneos iphonesimulator appletvos appletvsimulator watchos watchsimulator";
				SWIFT_ACTIVE_COMPILATION_CONDITIONS = SWIFT_PACKAGE;
				SWIFT_OPTIMIZATION_LEVEL = "-Onone";
				USE_HEADERMAP = NO;
			};
			name = Debug;
		};
		OBJ_31 /* Debug */ = {
			isa = XCBuildConfiguration;
			buildSettings = {
				EMBEDDED_CONTENT_CONTAINS_SWIFT = YES;
				FRAMEWORK_SEARCH_PATHS = (
					"$(inherited)",
					"$(PLATFORM_DIR)/Developer/Library/Frameworks",
				);
				HEADER_SEARCH_PATHS = "$(inherited)";
				INFOPLIST_FILE = Genetics.xcodeproj/GeneticsTests_Info.plist;
				LD_RUNPATH_SEARCH_PATHS = "@loader_path/../Frameworks @loader_path/Frameworks";
				OTHER_LDFLAGS = "$(inherited)";
				OTHER_SWIFT_FLAGS = "$(inherited)";
				SWIFT_VERSION = 4.0;
				TARGET_NAME = GeneticsTests;
			};
			name = Debug;
		};
		OBJ_32 /* Release */ = {
			isa = XCBuildConfiguration;
			buildSettings = {
				EMBEDDED_CONTENT_CONTAINS_SWIFT = YES;
				FRAMEWORK_SEARCH_PATHS = (
					"$(inherited)",
					"$(PLATFORM_DIR)/Developer/Library/Frameworks",
				);
				HEADER_SEARCH_PATHS = "$(inherited)";
				INFOPLIST_FILE = Genetics.xcodeproj/GeneticsTests_Info.plist;
				LD_RUNPATH_SEARCH_PATHS = "@loader_path/../Frameworks @loader_path/Frameworks";
				OTHER_LDFLAGS = "$(inherited)";
				OTHER_SWIFT_FLAGS = "$(inherited)";
				SWIFT_VERSION = 4.0;
				TARGET_NAME = GeneticsTests;
			};
			name = Release;
		};
		OBJ_4 /* Release */ = {
			isa = XCBuildConfiguration;
			buildSettings = {
				CLANG_ENABLE_OBJC_ARC = YES;
				COMBINE_HIDPI_IMAGES = YES;
				COPY_PHASE_STRIP = YES;
				DEBUG_INFORMATION_FORMAT = "dwarf-with-dsym";
				DYLIB_INSTALL_NAME_BASE = "@rpath";
				GCC_OPTIMIZATION_LEVEL = s;
				MACOSX_DEPLOYMENT_TARGET = 10.10;
				OTHER_SWIFT_FLAGS = "-DXcode";
				PRODUCT_NAME = "$(TARGET_NAME)";
				SDKROOT = macosx;
				SUPPORTED_PLATFORMS = "macosx iphoneos iphonesimulator appletvos appletvsimulator watchos watchsimulator";
				SWIFT_ACTIVE_COMPILATION_CONDITIONS = SWIFT_PACKAGE;
				SWIFT_OPTIMIZATION_LEVEL = "-Owholemodule";
				USE_HEADERMAP = NO;
			};
			name = Release;
		};
		OBJ_42 /* Debug */ = {
			isa = XCBuildConfiguration;
			buildSettings = {
				FRAMEWORK_SEARCH_PATHS = (
					"$(inherited)",
					"$(PLATFORM_DIR)/Developer/Library/Frameworks",
				);
				HEADER_SEARCH_PATHS = "$(inherited)";
				INFOPLIST_FILE = Genetics.xcodeproj/GeneticsExample_Info.plist;
				LD_RUNPATH_SEARCH_PATHS = "$(TOOLCHAIN_DIR)/usr/lib/swift/macosx @executable_path";
				OTHER_LDFLAGS = "$(inherited)";
				OTHER_SWIFT_FLAGS = "$(inherited)";
				SWIFT_FORCE_DYNAMIC_LINK_STDLIB = YES;
				SWIFT_FORCE_STATIC_LINK_STDLIB = NO;
				SWIFT_VERSION = 4.0;
				TARGET_NAME = GeneticsExample;
			};
			name = Debug;
		};
		OBJ_43 /* Release */ = {
			isa = XCBuildConfiguration;
			buildSettings = {
				FRAMEWORK_SEARCH_PATHS = (
					"$(inherited)",
					"$(PLATFORM_DIR)/Developer/Library/Frameworks",
				);
				HEADER_SEARCH_PATHS = "$(inherited)";
				INFOPLIST_FILE = Genetics.xcodeproj/GeneticsExample_Info.plist;
				LD_RUNPATH_SEARCH_PATHS = "$(TOOLCHAIN_DIR)/usr/lib/swift/macosx @executable_path";
				OTHER_LDFLAGS = "$(inherited)";
				OTHER_SWIFT_FLAGS = "$(inherited)";
				SWIFT_FORCE_DYNAMIC_LINK_STDLIB = YES;
				SWIFT_FORCE_STATIC_LINK_STDLIB = NO;
				SWIFT_VERSION = 4.0;
				TARGET_NAME = GeneticsExample;
			};
			name = Release;
		};
		OBJ_50 /* Debug */ = {
			isa = XCBuildConfiguration;
			buildSettings = {
				ENABLE_TESTABILITY = YES;
				FRAMEWORK_SEARCH_PATHS = (
					"$(inherited)",
					"$(PLATFORM_DIR)/Developer/Library/Frameworks",
				);
				HEADER_SEARCH_PATHS = "$(inherited)";
				INFOPLIST_FILE = Genetics.xcodeproj/Genetics_Info.plist;
				LD_RUNPATH_SEARCH_PATHS = "$(TOOLCHAIN_DIR)/usr/lib/swift/macosx";
				OTHER_LDFLAGS = "$(inherited)";
				OTHER_SWIFT_FLAGS = "$(inherited)";
				PRODUCT_BUNDLE_IDENTIFIER = Genetics;
				PRODUCT_MODULE_NAME = "$(TARGET_NAME:c99extidentifier)";
				PRODUCT_NAME = "$(TARGET_NAME:c99extidentifier)";
				SKIP_INSTALL = YES;
				SWIFT_VERSION = 4.0;
				TARGET_NAME = Genetics;
			};
			name = Debug;
		};
		OBJ_51 /* Release */ = {
			isa = XCBuildConfiguration;
			buildSettings = {
				ENABLE_TESTABILITY = YES;
				FRAMEWORK_SEARCH_PATHS = (
					"$(inherited)",
					"$(PLATFORM_DIR)/Developer/Library/Frameworks",
				);
				HEADER_SEARCH_PATHS = "$(inherited)";
				INFOPLIST_FILE = Genetics.xcodeproj/Genetics_Info.plist;
				LD_RUNPATH_SEARCH_PATHS = "$(TOOLCHAIN_DIR)/usr/lib/swift/macosx";
				OTHER_LDFLAGS = "$(inherited)";
				OTHER_SWIFT_FLAGS = "$(inherited)";
				PRODUCT_BUNDLE_IDENTIFIER = Genetics;
				PRODUCT_MODULE_NAME = "$(TARGET_NAME:c99extidentifier)";
				PRODUCT_NAME = "$(TARGET_NAME:c99extidentifier)";
				SKIP_INSTALL = YES;
				SWIFT_VERSION = 4.0;
				TARGET_NAME = Genetics;
			};
			name = Release;
		};
		OBJ_60 /* Debug */ = {
			isa = XCBuildConfiguration;
			buildSettings = {
			};
			name = Debug;
		};
		OBJ_61 /* Release */ = {
			isa = XCBuildConfiguration;
			buildSettings = {
			};
			name = Release;
		};
/* End XCBuildConfiguration section */

/* Begin XCConfigurationList section */
		OBJ_2 /* Build configuration list for PBXProject "Genetics" */ = {
			isa = XCConfigurationList;
			buildConfigurations = (
				OBJ_3 /* Debug */,
				OBJ_4 /* Release */,
			);
			defaultConfigurationIsVisible = 0;
			defaultConfigurationName = Debug;
		};
		OBJ_24 /* Build configuration list for PBXNativeTarget "GeneticsPackageDescription" */ = {
			isa = XCConfigurationList;
			buildConfigurations = (
				OBJ_25 /* Debug */,
				OBJ_26 /* Release */,
			);
			defaultConfigurationIsVisible = 0;
			defaultConfigurationName = Debug;
		};
		OBJ_30 /* Build configuration list for PBXNativeTarget "GeneticsTests" */ = {
			isa = XCConfigurationList;
			buildConfigurations = (
				OBJ_31 /* Debug */,
				OBJ_32 /* Release */,
			);
			defaultConfigurationIsVisible = 0;
			defaultConfigurationName = Debug;
		};
		OBJ_41 /* Build configuration list for PBXNativeTarget "GeneticsExample" */ = {
			isa = XCConfigurationList;
			buildConfigurations = (
				OBJ_42 /* Debug */,
				OBJ_43 /* Release */,
			);
			defaultConfigurationIsVisible = 0;
			defaultConfigurationName = Debug;
		};
		OBJ_49 /* Build configuration list for PBXNativeTarget "Genetics" */ = {
			isa = XCConfigurationList;
			buildConfigurations = (
				OBJ_50 /* Debug */,
				OBJ_51 /* Release */,
			);
			defaultConfigurationIsVisible = 0;
			defaultConfigurationName = Debug;
		};
		OBJ_59 /* Build configuration list for PBXAggregateTarget "GeneticsPackageTests" */ = {
			isa = XCConfigurationList;
			buildConfigurations = (
				OBJ_60 /* Debug */,
				OBJ_61 /* Release */,
			);
			defaultConfigurationIsVisible = 0;
			defaultConfigurationName = Debug;
		};
/* End XCConfigurationList section */
	};
	rootObject = OBJ_1 /* Project object */;
}
